
Microsoft Visual Studio Solution File, Format Version 12.00
# Visual Studio Version 17
VisualStudioVersion = 17.4.33122.133
MinimumVisualStudioVersion = 10.0.40219.1
Project("{FAE04EC0-301F-11D3-BF4B-00C04F79EFBC}") = "BankSystem", "BankSystem\BankSystem.csproj", "{DDDEF547-F7EC-4156-BDBC-FA19EBCAA138}"
EndProject
Global
	GlobalSection(SolutionConfigurationPlatforms) = preSolution
		Debug|Any CPU = Debug|Any CPU
		Release|Any CPU = Release|Any CPU
	EndGlobalSection
	GlobalSection(ProjectConfigurationPlatforms) = postSolution
		{DDDEF547-F7EC-4156-BDBC-FA19EBCAA138}.Debug|Any CPU.ActiveCfg = Debug|Any CPU
		{DDDEF547-F7EC-4156-BDBC-FA19EBCAA138}.Debug|Any CPU.Build.0 = Debug|Any CPU
		{DDDEF547-F7EC-4156-BDBC-FA19EBCAA138}.Release|Any CPU.ActiveCfg = Release|Any CPU
		{DDDEF547-F7EC-4156-BDBC-FA19EBCAA138}.Release|Any CPU.Build.0 = Release|Any CPU
	EndGlobalSection
	GlobalSection(SolutionProperties) = preSolution
		HideSolutionNode = FALSE
	EndGlobalSection
	GlobalSection(ExtensibilityGlobals) = postSolution
		SolutionGuid = {8E1F2A10-00D8-4B81-95E7-6E5BB7E038EE}
	EndGlobalSection
EndGlobal
